// !$*UTF8*$!
{
	archiveVersion = 1;
	classes = {
	};
	objectVersion = 46;
	objects = {

/* Begin PBXBuildFile section */
		841645341F6D389D00D893F7 /* AppDelegate.swift in Sources */ = {isa = PBXBuildFile; fileRef = 841645331F6D389D00D893F7 /* AppDelegate.swift */; };
		841645361F6D389D00D893F7 /* ViewController.swift in Sources */ = {isa = PBXBuildFile; fileRef = 841645351F6D389D00D893F7 /* ViewController.swift */; };
		841645391F6D389D00D893F7 /* Main.storyboard in Resources */ = {isa = PBXBuildFile; fileRef = 841645371F6D389D00D893F7 /* Main.storyboard */; };
		8416453B1F6D389D00D893F7 /* Assets.xcassets in Resources */ = {isa = PBXBuildFile; fileRef = 8416453A1F6D389D00D893F7 /* Assets.xcassets */; };
		8416453E1F6D389D00D893F7 /* LaunchScreen.storyboard in Resources */ = {isa = PBXBuildFile; fileRef = 8416453C1F6D389D00D893F7 /* LaunchScreen.storyboard */; };
		841645491F6D389D00D893F7 /* HelloWorldTests.swift in Sources */ = {isa = PBXBuildFile; fileRef = 841645481F6D389D00D893F7 /* HelloWorldTests.swift */; };
		841645541F6D389D00D893F7 /* HelloWorldUITests.swift in Sources */ = {isa = PBXBuildFile; fileRef = 841645531F6D389D00D893F7 /* HelloWorldUITests.swift */; };
/* End PBXBuildFile section */

/* Begin PBXContainerItemProxy section */
		841645451F6D389D00D893F7 /* PBXContainerItemProxy */ = {
			isa = PBXContainerItemProxy;
			containerPortal = 841645281F6D389D00D893F7 /* Project object */;
			proxyType = 1;
			remoteGlobalIDString = 8416452F1F6D389D00D893F7;
			remoteInfo = HelloWorld;
		};
		841645501F6D389D00D893F7 /* PBXContainerItemProxy */ = {
			isa = PBXContainerItemProxy;
			containerPortal = 841645281F6D389D00D893F7 /* Project object */;
			proxyType = 1;
			remoteGlobalIDString = 8416452F1F6D389D00D893F7;
			remoteInfo = HelloWorld;
		};
/* End PBXContainerItemProxy section */

/* Begin PBXFileReference section */
		841645301F6D389D00D893F7 /* HelloWorld.app */ = {isa = PBXFileReference; explicitFileType = wrapper.application; includeInIndex = 0; path = HelloWorld.app; sourceTree = BUILT_PRODUCTS_DIR; };
		841645331F6D389D00D893F7 /* AppDelegate.swift */ = {isa = PBXFileReference; lastKnownFileType = sourcecode.swift; path = AppDelegate.swift; sourceTree = "<group>"; };
		841645351F6D389D00D893F7 /* ViewController.swift */ = {isa = PBXFileReference; lastKnownFileType = sourcecode.swift; path = ViewController.swift; sourceTree = "<group>"; };
		841645381F6D389D00D893F7 /* Base */ = {isa = PBXFileReference; lastKnownFileType = file.storyboard; name = Base; path = Base.lproj/Main.storyboard; sourceTree = "<group>"; };
		8416453A1F6D389D00D893F7 /* Assets.xcassets */ = {isa = PBXFileReference; lastKnownFileType = folder.assetcatalog; path = Assets.xcassets; sourceTree = "<group>"; };
		8416453D1F6D389D00D893F7 /* Base */ = {isa = PBXFileReference; lastKnownFileType = file.storyboard; name = Base; path = Base.lproj/LaunchScreen.storyboard; sourceTree = "<group>"; };
		8416453F1F6D389D00D893F7 /* Info.plist */ = {isa = PBXFileReference; lastKnownFileType = text.plist.xml; path = Info.plist; sourceTree = "<group>"; };
		841645441F6D389D00D893F7 /* HelloWorldTests.xctest */ = {isa = PBXFileReference; explicitFileType = wrapper.cfbundle; includeInIndex = 0; path = HelloWorldTests.xctest; sourceTree = BUILT_PRODUCTS_DIR; };
		841645481F6D389D00D893F7 /* HelloWorldTests.swift */ = {isa = PBXFileReference; lastKnownFileType = sourcecode.swift; path = HelloWorldTests.swift; sourceTree = "<group>"; };
		8416454A1F6D389D00D893F7 /* Info.plist */ = {isa = PBXFileReference; lastKnownFileType = text.plist.xml; path = Info.plist; sourceTree = "<group>"; };
		8416454F1F6D389D00D893F7 /* HelloWorldUITests.xctest */ = {isa = PBXFileReference; explicitFileType = wrapper.cfbundle; includeInIndex = 0; path = HelloWorldUITests.xctest; sourceTree = BUILT_PRODUCTS_DIR; };
		841645531F6D389D00D893F7 /* HelloWorldUITests.swift */ = {isa = PBXFileReference; lastKnownFileType = sourcecode.swift; path = HelloWorldUITests.swift; sourceTree = "<group>"; };
		841645551F6D389D00D893F7 /* Info.plist */ = {isa = PBXFileReference; lastKnownFileType = text.plist.xml; path = Info.plist; sourceTree = "<group>"; };
/* End PBXFileReference section */

/* Begin PBXFrameworksBuildPhase section */
		8416452D1F6D389D00D893F7 /* Frameworks */ = {
			isa = PBXFrameworksBuildPhase;
			buildActionMask = 2147483647;
			files = (
			);
			runOnlyForDeploymentPostprocessing = 0;
		};
		841645411F6D389D00D893F7 /* Frameworks */ = {
			isa = PBXFrameworksBuildPhase;
			buildActionMask = 2147483647;
			files = (
			);
			runOnlyForDeploymentPostprocessing = 0;
		};
		8416454C1F6D389D00D893F7 /* Frameworks */ = {
			isa = PBXFrameworksBuildPhase;
			buildActionMask = 2147483647;
			files = (
			);
			runOnlyForDeploymentPostprocessing = 0;
		};
/* End PBXFrameworksBuildPhase section */

/* Begin PBXGroup section */
		841645271F6D389D00D893F7 = {
			isa = PBXGroup;
			children = (
				841645321F6D389D00D893F7 /* HelloWorld */,
				841645471F6D389D00D893F7 /* HelloWorldTests */,
				841645521F6D389D00D893F7 /* HelloWorldUITests */,
				841645311F6D389D00D893F7 /* Products */,
			);
			sourceTree = "<group>";
		};
		841645311F6D389D00D893F7 /* Products */ = {
			isa = PBXGroup;
			children = (
				841645301F6D389D00D893F7 /* HelloWorld.app */,
				841645441F6D389D00D893F7 /* HelloWorldTests.xctest */,
				8416454F1F6D389D00D893F7 /* HelloWorldUITests.xctest */,
			);
			name = Products;
			sourceTree = "<group>";
		};
		841645321F6D389D00D893F7 /* HelloWorld */ = {
			isa = PBXGroup;
			children = (
				841645331F6D389D00D893F7 /* AppDelegate.swift */,
				841645351F6D389D00D893F7 /* ViewController.swift */,
				841645371F6D389D00D893F7 /* Main.storyboard */,
				8416453A1F6D389D00D893F7 /* Assets.xcassets */,
				8416453C1F6D389D00D893F7 /* LaunchScreen.storyboard */,
				8416453F1F6D389D00D893F7 /* Info.plist */,
			);
			path = HelloWorld;
			sourceTree = "<group>";
		};
		841645471F6D389D00D893F7 /* HelloWorldTests */ = {
			isa = PBXGroup;
			children = (
				841645481F6D389D00D893F7 /* HelloWorldTests.swift */,
				8416454A1F6D389D00D893F7 /* Info.plist */,
			);
			path = HelloWorldTests;
			sourceTree = "<group>";
		};
		841645521F6D389D00D893F7 /* HelloWorldUITests */ = {
			isa = PBXGroup;
			children = (
				841645531F6D389D00D893F7 /* HelloWorldUITests.swift */,
				841645551F6D389D00D893F7 /* Info.plist */,
			);
			path = HelloWorldUITests;
			sourceTree = "<group>";
		};
/* End PBXGroup section */

/* Begin PBXNativeTarget section */
		8416452F1F6D389D00D893F7 /* HelloWorld */ = {
			isa = PBXNativeTarget;
			buildConfigurationList = 841645581F6D389D00D893F7 /* Build configuration list for PBXNativeTarget "HelloWorld" */;
			buildPhases = (
				8416452C1F6D389D00D893F7 /* Sources */,
				8416452D1F6D389D00D893F7 /* Frameworks */,
				8416452E1F6D389D00D893F7 /* Resources */,
			);
			buildRules = (
			);
			dependencies = (
			);
			name = HelloWorld;
			productName = HelloWorld;
			productReference = 841645301F6D389D00D893F7 /* HelloWorld.app */;
			productType = "com.apple.product-type.application";
		};
		841645431F6D389D00D893F7 /* HelloWorldTests */ = {
			isa = PBXNativeTarget;
			buildConfigurationList = 8416455B1F6D389D00D893F7 /* Build configuration list for PBXNativeTarget "HelloWorldTests" */;
			buildPhases = (
				841645401F6D389D00D893F7 /* Sources */,
				841645411F6D389D00D893F7 /* Frameworks */,
				841645421F6D389D00D893F7 /* Resources */,
			);
			buildRules = (
			);
			dependencies = (
				841645461F6D389D00D893F7 /* PBXTargetDependency */,
			);
			name = HelloWorldTests;
			productName = HelloWorldTests;
			productReference = 841645441F6D389D00D893F7 /* HelloWorldTests.xctest */;
			productType = "com.apple.product-type.bundle.unit-test";
		};
		8416454E1F6D389D00D893F7 /* HelloWorldUITests */ = {
			isa = PBXNativeTarget;
			buildConfigurationList = 8416455E1F6D389D00D893F7 /* Build configuration list for PBXNativeTarget "HelloWorldUITests" */;
			buildPhases = (
				8416454B1F6D389D00D893F7 /* Sources */,
				8416454C1F6D389D00D893F7 /* Frameworks */,
				8416454D1F6D389D00D893F7 /* Resources */,
			);
			buildRules = (
			);
			dependencies = (
				841645511F6D389D00D893F7 /* PBXTargetDependency */,
			);
			name = HelloWorldUITests;
			productName = HelloWorldUITests;
			productReference = 8416454F1F6D389D00D893F7 /* HelloWorldUITests.xctest */;
			productType = "com.apple.product-type.bundle.ui-testing";
		};
/* End PBXNativeTarget section */

/* Begin PBXProject section */
		841645281F6D389D00D893F7 /* Project object */ = {
			isa = PBXProject;
			attributes = {
				LastSwiftUpdateCheck = 0830;
				LastUpgradeCheck = 0830;
				ORGANIZATIONNAME = Jacek;
				TargetAttributes = {
					8416452F1F6D389D00D893F7 = {
						CreatedOnToolsVersion = 8.3.3;
						ProvisioningStyle = Automatic;
					};
					841645431F6D389D00D893F7 = {
						CreatedOnToolsVersion = 8.3.3;
						ProvisioningStyle = Automatic;
						TestTargetID = 8416452F1F6D389D00D893F7;
					};
					8416454E1F6D389D00D893F7 = {
						CreatedOnToolsVersion = 8.3.3;
						ProvisioningStyle = Automatic;
						TestTargetID = 8416452F1F6D389D00D893F7;
					};
				};
			};
			buildConfigurationList = 8416452B1F6D389D00D893F7 /* Build configuration list for PBXProject "HelloWorld" */;
			compatibilityVersion = "Xcode 3.2";
			developmentRegion = English;
			hasScannedForEncodings = 0;
			knownRegions = (
				en,
				Base,
			);
			mainGroup = 841645271F6D389D00D893F7;
			productRefGroup = 841645311F6D389D00D893F7 /* Products */;
			projectDirPath = "";
			projectRoot = "";
			targets = (
				8416452F1F6D389D00D893F7 /* HelloWorld */,
				841645431F6D389D00D893F7 /* HelloWorldTests */,
				8416454E1F6D389D00D893F7 /* HelloWorldUITests */,
			);
		};
/* End PBXProject section */

/* Begin PBXResourcesBuildPhase section */
		8416452E1F6D389D00D893F7 /* Resources */ = {
			isa = PBXResourcesBuildPhase;
			buildActionMask = 2147483647;
			files = (
				8416453E1F6D389D00D893F7 /* LaunchScreen.storyboard in Resources */,
				8416453B1F6D389D00D893F7 /* Assets.xcassets in Resources */,
				841645391F6D389D00D893F7 /* Main.storyboard in Resources */,
			);
			runOnlyForDeploymentPostprocessing = 0;
		};
		841645421F6D389D00D893F7 /* Resources */ = {
			isa = PBXResourcesBuildPhase;
			buildActionMask = 2147483647;
			files = (
			);
			runOnlyForDeploymentPostprocessing = 0;
		};
		8416454D1F6D389D00D893F7 /* Resources */ = {
			isa = PBXResourcesBuildPhase;
			buildActionMask = 2147483647;
			files = (
			);
			runOnlyForDeploymentPostprocessing = 0;
		};
/* End PBXResourcesBuildPhase section */

/* Begin PBXSourcesBuildPhase section */
		8416452C1F6D389D00D893F7 /* Sources */ = {
			isa = PBXSourcesBuildPhase;
			buildActionMask = 2147483647;
			files = (
				841645361F6D389D00D893F7 /* ViewController.swift in Sources */,
				841645341F6D389D00D893F7 /* AppDelegate.swift in Sources */,
			);
			runOnlyForDeploymentPostprocessing = 0;
		};
		841645401F6D389D00D893F7 /* Sources */ = {
			isa = PBXSourcesBuildPhase;
			buildActionMask = 2147483647;
			files = (
				841645491F6D389D00D893F7 /* HelloWorldTests.swift in Sources */,
			);
			runOnlyForDeploymentPostprocessing = 0;
		};
		8416454B1F6D389D00D893F7 /* Sources */ = {
			isa = PBXSourcesBuildPhase;
			buildActionMask = 2147483647;
			files = (
				841645541F6D389D00D893F7 /* HelloWorldUITests.swift in Sources */,
			);
			runOnlyForDeploymentPostprocessing = 0;
		};
/* End PBXSourcesBuildPhase section */

/* Begin PBXTargetDependency section */
		841645461F6D389D00D893F7 /* PBXTargetDependency */ = {
			isa = PBXTargetDependency;
			target = 8416452F1F6D389D00D893F7 /* HelloWorld */;
			targetProxy = 841645451F6D389D00D893F7 /* PBXContainerItemProxy */;
		};
		841645511F6D389D00D893F7 /* PBXTargetDependency */ = {
			isa = PBXTargetDependency;
			target = 8416452F1F6D389D00D893F7 /* HelloWorld */;
			targetProxy = 841645501F6D389D00D893F7 /* PBXContainerItemProxy */;
		};
/* End PBXTargetDependency section */

/* Begin PBXVariantGroup section */
		841645371F6D389D00D893F7 /* Main.storyboard */ = {
			isa = PBXVariantGroup;
			children = (
				841645381F6D389D00D893F7 /* Base */,
			);
			name = Main.storyboard;
			sourceTree = "<group>";
		};
		8416453C1F6D389D00D893F7 /* LaunchScreen.storyboard */ = {
			isa = PBXVariantGroup;
			children = (
				8416453D1F6D389D00D893F7 /* Base */,
			);
			name = LaunchScreen.storyboard;
			sourceTree = "<group>";
		};
/* End PBXVariantGroup section */

/* Begin XCBuildConfiguration section */
		841645561F6D389D00D893F7 /* Debug */ = {
			isa = XCBuildConfiguration;
			buildSettings = {
				ALWAYS_SEARCH_USER_PATHS = NO;
				CLANG_ANALYZER_NONNULL = YES;
				CLANG_ANALYZER_NUMBER_OBJECT_CONVERSION = YES_AGGRESSIVE;
				CLANG_CXX_LANGUAGE_STANDARD = "gnu++0x";
				CLANG_CXX_LIBRARY = "libc++";
				CLANG_ENABLE_MODULES = YES;
				CLANG_ENABLE_OBJC_ARC = YES;
				CLANG_WARN_BOOL_CONVERSION = YES;
				CLANG_WARN_CONSTANT_CONVERSION = YES;
				CLANG_WARN_DIRECT_OBJC_ISA_USAGE = YES_ERROR;
				CLANG_WARN_DOCUMENTATION_COMMENTS = YES;
				CLANG_WARN_EMPTY_BODY = YES;
				CLANG_WARN_ENUM_CONVERSION = YES;
				CLANG_WARN_INFINITE_RECURSION = YES;
				CLANG_WARN_INT_CONVERSION = YES;
				CLANG_WARN_OBJC_ROOT_CLASS = YES_ERROR;
				CLANG_WARN_SUSPICIOUS_MOVE = YES;
				CLANG_WARN_UNREACHABLE_CODE = YES;
				CLANG_WARN__DUPLICATE_METHOD_MATCH = YES;
				"CODE_SIGN_IDENTITY[sdk=iphoneos*]" = "iPhone Developer";
				COPY_PHASE_STRIP = NO;
				DEBUG_INFORMATION_FORMAT = dwarf;
				ENABLE_STRICT_OBJC_MSGSEND = YES;
				ENABLE_TESTABILITY = YES;
				GCC_C_LANGUAGE_STANDARD = gnu99;
				GCC_DYNAMIC_NO_PIC = NO;
				GCC_NO_COMMON_BLOCKS = YES;
				GCC_OPTIMIZATION_LEVEL = 0;
				GCC_PREPROCESSOR_DEFINITIONS = (
					"DEBUG=1",
					"$(inherited)",
				);
				GCC_WARN_64_TO_32_BIT_CONVERSION = YES;
				GCC_WARN_ABOUT_RETURN_TYPE = YES_ERROR;
				GCC_WARN_UNDECLARED_SELECTOR = YES;
				GCC_WARN_UNINITIALIZED_AUTOS = YES_AGGRESSIVE;
				GCC_WARN_UNUSED_FUNCTION = YES;
				GCC_WARN_UNUSED_VARIABLE = YES;
				IPHONEOS_DEPLOYMENT_TARGET = 10.3;
				MTL_ENABLE_DEBUG_INFO = YES;
				ONLY_ACTIVE_ARCH = YES;
				SDKROOT = iphoneos;
				SWIFT_ACTIVE_COMPILATION_CONDITIONS = DEBUG;
				SWIFT_OPTIMIZATION_LEVEL = "-Onone";
				TARGETED_DEVICE_FAMILY = "1,2";
			};
			name = Debug;
		};
		841645571F6D389D00D893F7 /* Release */ = {
			isa = XCBuildConfiguration;
			buildSettings = {
				ALWAYS_SEARCH_USER_PATHS = NO;
				CLANG_ANALYZER_NONNULL = YES;
				CLANG_ANALYZER_NUMBER_OBJECT_CONVERSION = YES_AGGRESSIVE;
				CLANG_CXX_LANGUAGE_STANDARD = "gnu++0x";
				CLANG_CXX_LIBRARY = "libc++";
				CLANG_ENABLE_MODULES = YES;
				CLANG_ENABLE_OBJC_ARC = YES;
				CLANG_WARN_BOOL_CONVERSION = YES;
				CLANG_WARN_CONSTANT_CONVERSION = YES;
				CLANG_WARN_DIRECT_OBJC_ISA_USAGE = YES_ERROR;
				CLANG_WARN_DOCUMENTATION_COMMENTS = YES;
				CLANG_WARN_EMPTY_BODY = YES;
				CLANG_WARN_ENUM_CONVERSION = YES;
				CLANG_WARN_INFINITE_RECURSION = YES;
				CLANG_WARN_INT_CONVERSION = YES;
				CLANG_WARN_OBJC_ROOT_CLASS = YES_ERROR;
				CLANG_WARN_SUSPICIOUS_MOVE = YES;
				CLANG_WARN_UNREACHABLE_CODE = YES;
				CLANG_WARN__DUPLICATE_METHOD_MATCH = YES;
				"CODE_SIGN_IDENTITY[sdk=iphoneos*]" = "iPhone Developer";
				COPY_PHASE_STRIP = NO;
				DEBUG_INFORMATION_FORMAT = "dwarf-with-dsym";
				ENABLE_NS_ASSERTIONS = NO;
				ENABLE_STRICT_OBJC_MSGSEND = YES;
				GCC_C_LANGUAGE_STANDARD = gnu99;
				GCC_NO_COMMON_BLOCKS = YES;
				GCC_WARN_64_TO_32_BIT_CONVERSION = YES;
				GCC_WARN_ABOUT_RETURN_TYPE = YES_ERROR;
				GCC_WARN_UNDECLARED_SELECTOR = YES;
				GCC_WARN_UNINITIALIZED_AUTOS = YES_AGGRESSIVE;
				GCC_WARN_UNUSED_FUNCTION = YES;
				GCC_WARN_UNUSED_VARIABLE = YES;
				IPHONEOS_DEPLOYMENT_TARGET = 10.3;
				MTL_ENABLE_DEBUG_INFO = NO;
				SDKROOT = iphoneos;
				SWIFT_OPTIMIZATION_LEVEL = "-Owholemodule";
				TARGETED_DEVICE_FAMILY = "1,2";
				VALIDATE_PRODUCT = YES;
			};
			name = Release;
		};
		841645591F6D389D00D893F7 /* Debug */ = {
			isa = XCBuildConfiguration;
			buildSettings = {
				ASSETCATALOG_COMPILER_APPICON_NAME = AppIcon;
				INFOPLIST_FILE = HelloWorld/Info.plist;
				LD_RUNPATH_SEARCH_PATHS = "$(inherited) @executable_path/Frameworks";
				PRODUCT_BUNDLE_IDENTIFIER = jorgeen.HelloWorld;
				PRODUCT_NAME = "$(TARGET_NAME)";
				SWIFT_VERSION = 3.0;
			};
			name = Debug;
		};
		8416455A1F6D389D00D893F7 /* Release */ = {
			isa = XCBuildConfiguration;
			buildSettings = {
				ASSETCATALOG_COMPILER_APPICON_NAME = AppIcon;
				INFOPLIST_FILE = HelloWorld/Info.plist;
				LD_RUNPATH_SEARCH_PATHS = "$(inherited) @executable_path/Frameworks";
				PRODUCT_BUNDLE_IDENTIFIER = jorgeen.HelloWorld;
				PRODUCT_NAME = "$(TARGET_NAME)";
				SWIFT_VERSION = 3.0;
			};
			name = Release;
		};
		8416455C1F6D389D00D893F7 /* Debug */ = {
			isa = XCBuildConfiguration;
			buildSettings = {
				ALWAYS_EMBED_SWIFT_STANDARD_LIBRARIES = YES;
				BUNDLE_LOADER = "$(TEST_HOST)";
				INFOPLIST_FILE = HelloWorldTests/Info.plist;
				LD_RUNPATH_SEARCH_PATHS = "$(inherited) @executable_path/Frameworks @loader_path/Frameworks";
				PRODUCT_BUNDLE_IDENTIFIER = jorgeen.HelloWorldTests;
				PRODUCT_NAME = "$(TARGET_NAME)";
				SWIFT_VERSION = 3.0;
				TEST_HOST = "$(BUILT_PRODUCTS_DIR)/HelloWorld.app/HelloWorld";
			};
			name = Debug;
		};
		8416455D1F6D389D00D893F7 /* Release */ = {
			isa = XCBuildConfiguration;
			buildSettings = {
				ALWAYS_EMBED_SWIFT_STANDARD_LIBRARIES = YES;
				BUNDLE_LOADER = "$(TEST_HOST)";
				INFOPLIST_FILE = HelloWorldTests/Info.plist;
				LD_RUNPATH_SEARCH_PATHS = "$(inherited) @executable_path/Frameworks @loader_path/Frameworks";
				PRODUCT_BUNDLE_IDENTIFIER = jorgeen.HelloWorldTests;
				PRODUCT_NAME = "$(TARGET_NAME)";
				SWIFT_VERSION = 3.0;
				TEST_HOST = "$(BUILT_PRODUCTS_DIR)/HelloWorld.app/HelloWorld";
			};
			name = Release;
		};
		8416455F1F6D389D00D893F7 /* Debug */ = {
			isa = XCBuildConfiguration;
			buildSettings = {
				ALWAYS_EMBED_SWIFT_STANDARD_LIBRARIES = YES;
				INFOPLIST_FILE = HelloWorldUITests/Info.plist;
				LD_RUNPATH_SEARCH_PATHS = "$(inherited) @executable_path/Frameworks @loader_path/Frameworks";
				PRODUCT_BUNDLE_IDENTIFIER = jorgeen.HelloWorldUITests;
				PRODUCT_NAME = "$(TARGET_NAME)";
				SWIFT_VERSION = 3.0;
				TEST_TARGET_NAME = HelloWorld;
			};
			name = Debug;
		};
		841645601F6D389D00D893F7 /* Release */ = {
			isa = XCBuildConfiguration;
			buildSettings = {
				ALWAYS_EMBED_SWIFT_STANDARD_LIBRARIES = YES;
				INFOPLIST_FILE = HelloWorldUITests/Info.plist;
				LD_RUNPATH_SEARCH_PATHS = "$(inherited) @executable_path/Frameworks @loader_path/Frameworks";
				PRODUCT_BUNDLE_IDENTIFIER = jorgeen.HelloWorldUITests;
				PRODUCT_NAME = "$(TARGET_NAME)";
				SWIFT_VERSION = 3.0;
				TEST_TARGET_NAME = HelloWorld;
			};
			name = Release;
		};
/* End XCBuildConfiguration section */

/* Begin XCConfigurationList section */
		8416452B1F6D389D00D893F7 /* Build configuration list for PBXProject "HelloWorld" */ = {
			isa = XCConfigurationList;
			buildConfigurations = (
				841645561F6D389D00D893F7 /* Debug */,
				841645571F6D389D00D893F7 /* Release */,
			);
			defaultConfigurationIsVisible = 0;
			defaultConfigurationName = Release;
		};
		841645581F6D389D00D893F7 /* Build configuration list for PBXNativeTarget "HelloWorld" */ = {
			isa = XCConfigurationList;
			buildConfigurations = (
				841645591F6D389D00D893F7 /* Debug */,
				8416455A1F6D389D00D893F7 /* Release */,
			);
			defaultConfigurationIsVisible = 0;
		};
		8416455B1F6D389D00D893F7 /* Build configuration list for PBXNativeTarget "HelloWorldTests" */ = {
			isa = XCConfigurationList;
			buildConfigurations = (
				8416455C1F6D389D00D893F7 /* Debug */,
				8416455D1F6D389D00D893F7 /* Release */,
			);
			defaultConfigurationIsVisible = 0;
		};
		8416455E1F6D389D00D893F7 /* Build configuration list for PBXNativeTarget "HelloWorldUITests" */ = {
			isa = XCConfigurationList;
			buildConfigurations = (
				8416455F1F6D389D00D893F7 /* Debug */,
				841645601F6D389D00D893F7 /* Release */,
			);
			defaultConfigurationIsVisible = 0;
		};
/* End XCConfigurationList section */
	};
	rootObject = 841645281F6D389D00D893F7 /* Project object */;
}
